
Microsoft Visual Studio Solution File, Format Version 12.00
# Visual Studio Version 17
VisualStudioVersion = 17.9.34728.123
MinimumVisualStudioVersion = 10.0.40219.1
Project("{9A19103F-16F7-4668-BE54-9A1E7A4F7556}") = "Todo-Challenge", "Todo-Challenge\Todo-Challenge.csproj", "{1953A58E-6CE9-461F-87E9-5914DA63F964}"
EndProject
Project("{9A19103F-16F7-4668-BE54-9A1E7A4F7556}") = "Todo-WebAPI", "Todo-WebAPI\Todo-WebAPI.csproj", "{E66E0EF7-461A-41A8-83E4-AE0ECDF47C56}"
EndProject
Global
	GlobalSection(SolutionConfigurationPlatforms) = preSolution
		Debug|Any CPU = Debug|Any CPU
		Release|Any CPU = Release|Any CPU
	EndGlobalSection
	GlobalSection(ProjectConfigurationPlatforms) = postSolution
		{1953A58E-6CE9-461F-87E9-5914DA63F964}.Debug|Any CPU.ActiveCfg = Debug|Any CPU
		{1953A58E-6CE9-461F-87E9-5914DA63F964}.Debug|Any CPU.Build.0 = Debug|Any CPU
		{1953A58E-6CE9-461F-87E9-5914DA63F964}.Release|Any CPU.ActiveCfg = Release|Any CPU
		{1953A58E-6CE9-461F-87E9-5914DA63F964}.Release|Any CPU.Build.0 = Release|Any CPU
		{E66E0EF7-461A-41A8-83E4-AE0ECDF47C56}.Debug|Any CPU.ActiveCfg = Debug|Any CPU
		{E66E0EF7-461A-41A8-83E4-AE0ECDF47C56}.Debug|Any CPU.Build.0 = Debug|Any CPU
		{E66E0EF7-461A-41A8-83E4-AE0ECDF47C56}.Release|Any CPU.ActiveCfg = Release|Any CPU
		{E66E0EF7-461A-41A8-83E4-AE0ECDF47C56}.Release|Any CPU.Build.0 = Release|Any CPU
	EndGlobalSection
	GlobalSection(SolutionProperties) = preSolution
		HideSolutionNode = FALSE
	EndGlobalSection
	GlobalSection(ExtensibilityGlobals) = postSolution
		SolutionGuid = {DB985459-68D9-415B-9CC4-CA3CBDCB6C6B}
	EndGlobalSection
EndGlobal
