
Microsoft Visual Studio Solution File, Format Version 12.00
# Visual Studio Version 17
VisualStudioVersion = 17.9.34728.123
MinimumVisualStudioVersion = 10.0.40219.1
Project("{FAE04EC0-301F-11D3-BF4B-00C04F79EFBC}") = "Todo-Challenge", "Todo-Challenge\Todo-Challenge.csproj", "{1953A58E-6CE9-461F-87E9-5914DA63F964}"
EndProject
Global
	GlobalSection(SolutionConfigurationPlatforms) = preSolution
		Debug|Any CPU = Debug|Any CPU
		Release|Any CPU = Release|Any CPU
	EndGlobalSection
	GlobalSection(ProjectConfigurationPlatforms) = postSolution
		{1953A58E-6CE9-461F-87E9-5914DA63F964}.Debug|Any CPU.ActiveCfg = Debug|Any CPU
		{1953A58E-6CE9-461F-87E9-5914DA63F964}.Debug|Any CPU.Build.0 = Debug|Any CPU
		{1953A58E-6CE9-461F-87E9-5914DA63F964}.Release|Any CPU.ActiveCfg = Release|Any CPU
		{1953A58E-6CE9-461F-87E9-5914DA63F964}.Release|Any CPU.Build.0 = Release|Any CPU
	EndGlobalSection
	GlobalSection(SolutionProperties) = preSolution
		HideSolutionNode = FALSE
	EndGlobalSection
	GlobalSection(ExtensibilityGlobals) = postSolution
		SolutionGuid = {DB985459-68D9-415B-9CC4-CA3CBDCB6C6B}
	EndGlobalSection
EndGlobal
